
Microsoft Visual Studio Solution File, Format Version 12.00
# Visual Studio Version 17
VisualStudioVersion = 17.14.36401.2 d17.14
MinimumVisualStudioVersion = 10.0.40219.1
Project("{FAE04EC0-301F-11D3-BF4B-00C04F79EFBC}") = "OMS.EFCore", "OMS.EFCore\OMS.EFCore.csproj", "{D7CCFA03-6830-437E-B216-30B2F7C1A0BD}"
EndProject
Global
	GlobalSection(SolutionConfigurationPlatforms) = preSolution
		Debug|Any CPU = Debug|Any CPU
		Release|Any CPU = Release|Any CPU
	EndGlobalSection
	GlobalSection(ProjectConfigurationPlatforms) = postSolution
		{D7CCFA03-6830-437E-B216-30B2F7C1A0BD}.Debug|Any CPU.ActiveCfg = Debug|Any CPU
		{D7CCFA03-6830-437E-B216-30B2F7C1A0BD}.Debug|Any CPU.Build.0 = Debug|Any CPU
		{D7CCFA03-6830-437E-B216-30B2F7C1A0BD}.Release|Any CPU.ActiveCfg = Release|Any CPU
		{D7CCFA03-6830-437E-B216-30B2F7C1A0BD}.Release|Any CPU.Build.0 = Release|Any CPU
	EndGlobalSection
	GlobalSection(SolutionProperties) = preSolution
		HideSolutionNode = FALSE
	EndGlobalSection
	GlobalSection(ExtensibilityGlobals) = postSolution
		SolutionGuid = {1BB3BC5F-08C3-4DD5-8215-C9D4775446A8}
	EndGlobalSection
EndGlobal
